
Microsoft Visual Studio Solution File, Format Version 12.00
# Visual Studio Version 16
VisualStudioVersion = 16.0.31727.386
MinimumVisualStudioVersion = 10.0.40219.1
Project("{FAE04EC0-301F-11D3-BF4B-00C04F79EFBC}") = "Lo-Fi Shop.Android", "Lo-Fi Shop\Lo-Fi Shop.Android\Lo-Fi Shop.Android.csproj", "{B0F3C17C-2C55-4796-81B2-520BCDD85503}"
EndProject
Project("{FAE04EC0-301F-11D3-BF4B-00C04F79EFBC}") = "Lo-Fi Shop", "Lo-Fi Shop\Lo-Fi Shop\Lo-Fi Shop.csproj", "{011D3775-23A2-4410-9F27-65D4B609AAB0}"
EndProject
Global
	GlobalSection(SolutionConfigurationPlatforms) = preSolution
		Debug|Any CPU = Debug|Any CPU
		Release|Any CPU = Release|Any CPU
	EndGlobalSection
	GlobalSection(ProjectConfigurationPlatforms) = postSolution
		{B0F3C17C-2C55-4796-81B2-520BCDD85503}.Debug|Any CPU.ActiveCfg = Debug|Any CPU
		{B0F3C17C-2C55-4796-81B2-520BCDD85503}.Debug|Any CPU.Build.0 = Debug|Any CPU
		{B0F3C17C-2C55-4796-81B2-520BCDD85503}.Debug|Any CPU.Deploy.0 = Debug|Any CPU
		{B0F3C17C-2C55-4796-81B2-520BCDD85503}.Release|Any CPU.ActiveCfg = Release|Any CPU
		{B0F3C17C-2C55-4796-81B2-520BCDD85503}.Release|Any CPU.Build.0 = Release|Any CPU
		{B0F3C17C-2C55-4796-81B2-520BCDD85503}.Release|Any CPU.Deploy.0 = Release|Any CPU
		{011D3775-23A2-4410-9F27-65D4B609AAB0}.Debug|Any CPU.ActiveCfg = Debug|Any CPU
		{011D3775-23A2-4410-9F27-65D4B609AAB0}.Debug|Any CPU.Build.0 = Debug|Any CPU
		{011D3775-23A2-4410-9F27-65D4B609AAB0}.Debug|Any CPU.Deploy.0 = Debug|Any CPU
		{011D3775-23A2-4410-9F27-65D4B609AAB0}.Release|Any CPU.ActiveCfg = Release|Any CPU
		{011D3775-23A2-4410-9F27-65D4B609AAB0}.Release|Any CPU.Build.0 = Release|Any CPU
		{011D3775-23A2-4410-9F27-65D4B609AAB0}.Release|Any CPU.Deploy.0 = Release|Any CPU
	EndGlobalSection
	GlobalSection(SolutionProperties) = preSolution
		HideSolutionNode = FALSE
	EndGlobalSection
	GlobalSection(ExtensibilityGlobals) = postSolution
		SolutionGuid = {0CFCC55A-9C63-4A70-9CF2-103A17FDD93D}
	EndGlobalSection
EndGlobal
